
Microsoft Visual Studio Solution File, Format Version 12.00
# Visual Studio Version 17
VisualStudioVersion = 17.3.32929.385
MinimumVisualStudioVersion = 10.0.40219.1
Project("{FAE04EC0-301F-11D3-BF4B-00C04F79EFBC}") = "StringBuilderApp", "StringBuilderApp\StringBuilderApp.csproj", "{B86BD49C-722F-433D-B84A-6649C93DA8B7}"
EndProject
Global
	GlobalSection(SolutionConfigurationPlatforms) = preSolution
		Debug|Any CPU = Debug|Any CPU
		Release|Any CPU = Release|Any CPU
	EndGlobalSection
	GlobalSection(ProjectConfigurationPlatforms) = postSolution
		{B86BD49C-722F-433D-B84A-6649C93DA8B7}.Debug|Any CPU.ActiveCfg = Debug|Any CPU
		{B86BD49C-722F-433D-B84A-6649C93DA8B7}.Debug|Any CPU.Build.0 = Debug|Any CPU
		{B86BD49C-722F-433D-B84A-6649C93DA8B7}.Release|Any CPU.ActiveCfg = Release|Any CPU
		{B86BD49C-722F-433D-B84A-6649C93DA8B7}.Release|Any CPU.Build.0 = Release|Any CPU
	EndGlobalSection
	GlobalSection(SolutionProperties) = preSolution
		HideSolutionNode = FALSE
	EndGlobalSection
	GlobalSection(ExtensibilityGlobals) = postSolution
		SolutionGuid = {03277AFB-FFAF-4E3A-B426-EA37E88C86CC}
	EndGlobalSection
EndGlobal
