
Microsoft Visual Studio Solution File, Format Version 12.00
# Visual Studio Version 17
VisualStudioVersion = 17.3.32929.385
MinimumVisualStudioVersion = 10.0.40219.1
Project("{FAE04EC0-301F-11D3-BF4B-00C04F79EFBC}") = "PrototypeApp", "PrototypeApp\PrototypeApp.csproj", "{9D3445EC-1E0A-4458-8FD8-24FCC82986CB}"
EndProject
Global
	GlobalSection(SolutionConfigurationPlatforms) = preSolution
		Debug|Any CPU = Debug|Any CPU
		Release|Any CPU = Release|Any CPU
	EndGlobalSection
	GlobalSection(ProjectConfigurationPlatforms) = postSolution
		{9D3445EC-1E0A-4458-8FD8-24FCC82986CB}.Debug|Any CPU.ActiveCfg = Debug|Any CPU
		{9D3445EC-1E0A-4458-8FD8-24FCC82986CB}.Debug|Any CPU.Build.0 = Debug|Any CPU
		{9D3445EC-1E0A-4458-8FD8-24FCC82986CB}.Release|Any CPU.ActiveCfg = Release|Any CPU
		{9D3445EC-1E0A-4458-8FD8-24FCC82986CB}.Release|Any CPU.Build.0 = Release|Any CPU
	EndGlobalSection
	GlobalSection(SolutionProperties) = preSolution
		HideSolutionNode = FALSE
	EndGlobalSection
	GlobalSection(ExtensibilityGlobals) = postSolution
		SolutionGuid = {3C337AA3-1A57-4088-A798-31541F020419}
	EndGlobalSection
EndGlobal
