
Microsoft Visual Studio Solution File, Format Version 12.00
# Visual Studio Version 17
VisualStudioVersion = 17.3.32929.385
MinimumVisualStudioVersion = 10.0.40219.1
Project("{FAE04EC0-301F-11D3-BF4B-00C04F79EFBC}") = "MediatorApp", "MediatorApp\MediatorApp.csproj", "{329C0A6F-D85B-43B2-876E-33C755D37EB0}"
EndProject
Global
	GlobalSection(SolutionConfigurationPlatforms) = preSolution
		Debug|Any CPU = Debug|Any CPU
		Release|Any CPU = Release|Any CPU
	EndGlobalSection
	GlobalSection(ProjectConfigurationPlatforms) = postSolution
		{329C0A6F-D85B-43B2-876E-33C755D37EB0}.Debug|Any CPU.ActiveCfg = Debug|Any CPU
		{329C0A6F-D85B-43B2-876E-33C755D37EB0}.Debug|Any CPU.Build.0 = Debug|Any CPU
		{329C0A6F-D85B-43B2-876E-33C755D37EB0}.Release|Any CPU.ActiveCfg = Release|Any CPU
		{329C0A6F-D85B-43B2-876E-33C755D37EB0}.Release|Any CPU.Build.0 = Release|Any CPU
	EndGlobalSection
	GlobalSection(SolutionProperties) = preSolution
		HideSolutionNode = FALSE
	EndGlobalSection
	GlobalSection(ExtensibilityGlobals) = postSolution
		SolutionGuid = {DBB91B5F-845E-4C9F-BC0C-E01C13C2BBE0}
	EndGlobalSection
EndGlobal
