
Microsoft Visual Studio Solution File, Format Version 12.00
# Visual Studio Version 17
VisualStudioVersion = 17.1.32319.34
MinimumVisualStudioVersion = 10.0.40219.1
Project("{888888A0-9F3D-457C-B088-3A5042F75D52}") = "OperationsApp", "OperationsApp\OperationsApp.pyproj", "{27119ED8-7E91-4EFF-9546-609DC37B8DC7}"
EndProject
Global
	GlobalSection(SolutionConfigurationPlatforms) = preSolution
		Debug|Any CPU = Debug|Any CPU
		Release|Any CPU = Release|Any CPU
	EndGlobalSection
	GlobalSection(ProjectConfigurationPlatforms) = postSolution
		{27119ED8-7E91-4EFF-9546-609DC37B8DC7}.Debug|Any CPU.ActiveCfg = Debug|Any CPU
		{27119ED8-7E91-4EFF-9546-609DC37B8DC7}.Release|Any CPU.ActiveCfg = Release|Any CPU
	EndGlobalSection
	GlobalSection(SolutionProperties) = preSolution
		HideSolutionNode = FALSE
	EndGlobalSection
	GlobalSection(ExtensibilityGlobals) = postSolution
		SolutionGuid = {C2D61283-181D-4234-8555-81EEE64CA6D4}
	EndGlobalSection
EndGlobal
