
Microsoft Visual Studio Solution File, Format Version 12.00
# Visual Studio Version 17
VisualStudioVersion = 17.5.002.0
MinimumVisualStudioVersion = 10.0.40219.1
Project("{9A19103F-16F7-4668-BE54-9A1E7A4F7556}") = "BlobStorageApp", "BlobStorageApp.csproj", "{27BE825E-86F5-4817-9A5F-E5552D079680}"
EndProject
Global
	GlobalSection(SolutionConfigurationPlatforms) = preSolution
		Debug|Any CPU = Debug|Any CPU
		Release|Any CPU = Release|Any CPU
	EndGlobalSection
	GlobalSection(ProjectConfigurationPlatforms) = postSolution
		{27BE825E-86F5-4817-9A5F-E5552D079680}.Debug|Any CPU.ActiveCfg = Debug|Any CPU
		{27BE825E-86F5-4817-9A5F-E5552D079680}.Debug|Any CPU.Build.0 = Debug|Any CPU
		{27BE825E-86F5-4817-9A5F-E5552D079680}.Release|Any CPU.ActiveCfg = Release|Any CPU
		{27BE825E-86F5-4817-9A5F-E5552D079680}.Release|Any CPU.Build.0 = Release|Any CPU
	EndGlobalSection
	GlobalSection(SolutionProperties) = preSolution
		HideSolutionNode = FALSE
	EndGlobalSection
	GlobalSection(ExtensibilityGlobals) = postSolution
		SolutionGuid = {F4EFDE46-D3E0-482D-B491-9757B8A24A2D}
	EndGlobalSection
EndGlobal
