
Microsoft Visual Studio Solution File, Format Version 12.00
# Visual Studio Version 17
VisualStudioVersion = 17.3.32929.385
MinimumVisualStudioVersion = 10.0.40219.1
Project("{FAE04EC0-301F-11D3-BF4B-00C04F79EFBC}") = "InterfacesApp", "InterfacesApp\InterfacesApp.csproj", "{8BF8E1FB-8C46-430A-BEDF-D3478F177051}"
EndProject
Global
	GlobalSection(SolutionConfigurationPlatforms) = preSolution
		Debug|Any CPU = Debug|Any CPU
		Release|Any CPU = Release|Any CPU
	EndGlobalSection
	GlobalSection(ProjectConfigurationPlatforms) = postSolution
		{8BF8E1FB-8C46-430A-BEDF-D3478F177051}.Debug|Any CPU.ActiveCfg = Debug|Any CPU
		{8BF8E1FB-8C46-430A-BEDF-D3478F177051}.Debug|Any CPU.Build.0 = Debug|Any CPU
		{8BF8E1FB-8C46-430A-BEDF-D3478F177051}.Release|Any CPU.ActiveCfg = Release|Any CPU
		{8BF8E1FB-8C46-430A-BEDF-D3478F177051}.Release|Any CPU.Build.0 = Release|Any CPU
	EndGlobalSection
	GlobalSection(SolutionProperties) = preSolution
		HideSolutionNode = FALSE
	EndGlobalSection
	GlobalSection(ExtensibilityGlobals) = postSolution
		SolutionGuid = {A4C069B0-851D-40BC-BD8E-4DAF313030BF}
	EndGlobalSection
EndGlobal
