
Microsoft Visual Studio Solution File, Format Version 12.00
# Visual Studio Version 17
VisualStudioVersion = 17.3.32929.385
MinimumVisualStudioVersion = 10.0.40219.1
Project("{FAE04EC0-301F-11D3-BF4B-00C04F79EFBC}") = "ArraysApp", "ArraysApp\ArraysApp.csproj", "{A68307B5-1E93-4357-A8E2-CBADD0217A4A}"
EndProject
Global
	GlobalSection(SolutionConfigurationPlatforms) = preSolution
		Debug|Any CPU = Debug|Any CPU
		Release|Any CPU = Release|Any CPU
	EndGlobalSection
	GlobalSection(ProjectConfigurationPlatforms) = postSolution
		{A68307B5-1E93-4357-A8E2-CBADD0217A4A}.Debug|Any CPU.ActiveCfg = Debug|Any CPU
		{A68307B5-1E93-4357-A8E2-CBADD0217A4A}.Debug|Any CPU.Build.0 = Debug|Any CPU
		{A68307B5-1E93-4357-A8E2-CBADD0217A4A}.Release|Any CPU.ActiveCfg = Release|Any CPU
		{A68307B5-1E93-4357-A8E2-CBADD0217A4A}.Release|Any CPU.Build.0 = Release|Any CPU
	EndGlobalSection
	GlobalSection(SolutionProperties) = preSolution
		HideSolutionNode = FALSE
	EndGlobalSection
	GlobalSection(ExtensibilityGlobals) = postSolution
		SolutionGuid = {84A6C578-D99B-4577-8F2F-C970A722E58A}
	EndGlobalSection
EndGlobal
