
Microsoft Visual Studio Solution File, Format Version 12.00
# Visual Studio Version 17
VisualStudioVersion = 17.3.32929.385
MinimumVisualStudioVersion = 10.0.40219.1
Project("{FAE04EC0-301F-11D3-BF4B-00C04F79EFBC}") = "NullableApp", "NullableApp\NullableApp.csproj", "{85755F18-C508-4D06-AA6C-12E9F3277C29}"
EndProject
Global
	GlobalSection(SolutionConfigurationPlatforms) = preSolution
		Debug|Any CPU = Debug|Any CPU
		Release|Any CPU = Release|Any CPU
	EndGlobalSection
	GlobalSection(ProjectConfigurationPlatforms) = postSolution
		{85755F18-C508-4D06-AA6C-12E9F3277C29}.Debug|Any CPU.ActiveCfg = Debug|Any CPU
		{85755F18-C508-4D06-AA6C-12E9F3277C29}.Debug|Any CPU.Build.0 = Debug|Any CPU
		{85755F18-C508-4D06-AA6C-12E9F3277C29}.Release|Any CPU.ActiveCfg = Release|Any CPU
		{85755F18-C508-4D06-AA6C-12E9F3277C29}.Release|Any CPU.Build.0 = Release|Any CPU
	EndGlobalSection
	GlobalSection(SolutionProperties) = preSolution
		HideSolutionNode = FALSE
	EndGlobalSection
	GlobalSection(ExtensibilityGlobals) = postSolution
		SolutionGuid = {E8BFDC68-9761-4FCB-9A92-2F7ABFD6476B}
	EndGlobalSection
EndGlobal
