
Microsoft Visual Studio Solution File, Format Version 12.00
# Visual Studio Version 17
VisualStudioVersion = 17.3.32929.385
MinimumVisualStudioVersion = 10.0.40219.1
Project("{FAE04EC0-301F-11D3-BF4B-00C04F79EFBC}") = "DataBindingApp", "DataBindingApp\DataBindingApp.csproj", "{24C800C3-709E-417F-A499-F11F0CE6099C}"
EndProject
Global
	GlobalSection(SolutionConfigurationPlatforms) = preSolution
		Debug|Any CPU = Debug|Any CPU
		Release|Any CPU = Release|Any CPU
	EndGlobalSection
	GlobalSection(ProjectConfigurationPlatforms) = postSolution
		{24C800C3-709E-417F-A499-F11F0CE6099C}.Debug|Any CPU.ActiveCfg = Debug|Any CPU
		{24C800C3-709E-417F-A499-F11F0CE6099C}.Debug|Any CPU.Build.0 = Debug|Any CPU
		{24C800C3-709E-417F-A499-F11F0CE6099C}.Release|Any CPU.ActiveCfg = Release|Any CPU
		{24C800C3-709E-417F-A499-F11F0CE6099C}.Release|Any CPU.Build.0 = Release|Any CPU
	EndGlobalSection
	GlobalSection(SolutionProperties) = preSolution
		HideSolutionNode = FALSE
	EndGlobalSection
	GlobalSection(ExtensibilityGlobals) = postSolution
		SolutionGuid = {09B1E1A3-BBA8-4900-B126-563394DB4B26}
	EndGlobalSection
EndGlobal
