
Microsoft Visual Studio Solution File, Format Version 12.00
# Visual Studio Version 17
VisualStudioVersion = 17.3.32929.385
MinimumVisualStudioVersion = 10.0.40219.1
Project("{FAE04EC0-301F-11D3-BF4B-00C04F79EFBC}") = "DelegatesApp", "DelegatesApp\DelegatesApp.csproj", "{5381A3A7-49F1-41C6-9ADC-94FBA839D900}"
EndProject
Global
	GlobalSection(SolutionConfigurationPlatforms) = preSolution
		Debug|Any CPU = Debug|Any CPU
		Release|Any CPU = Release|Any CPU
	EndGlobalSection
	GlobalSection(ProjectConfigurationPlatforms) = postSolution
		{5381A3A7-49F1-41C6-9ADC-94FBA839D900}.Debug|Any CPU.ActiveCfg = Debug|Any CPU
		{5381A3A7-49F1-41C6-9ADC-94FBA839D900}.Debug|Any CPU.Build.0 = Debug|Any CPU
		{5381A3A7-49F1-41C6-9ADC-94FBA839D900}.Release|Any CPU.ActiveCfg = Release|Any CPU
		{5381A3A7-49F1-41C6-9ADC-94FBA839D900}.Release|Any CPU.Build.0 = Release|Any CPU
	EndGlobalSection
	GlobalSection(SolutionProperties) = preSolution
		HideSolutionNode = FALSE
	EndGlobalSection
	GlobalSection(ExtensibilityGlobals) = postSolution
		SolutionGuid = {65916640-BBA5-4F1E-B2EB-474B98032CDE}
	EndGlobalSection
EndGlobal
