
Microsoft Visual Studio Solution File, Format Version 12.00
# Visual Studio Version 17
VisualStudioVersion = 17.3.32929.385
MinimumVisualStudioVersion = 10.0.40219.1
Project("{8BC9CEB8-8B4A-11D0-8D11-00A0C91BC942}") = "SFMLGettingStarted", "SFMLGettingStarted.vcxproj", "{47472E95-9850-464F-9F8B-1942E4066585}"
EndProject
Global
	GlobalSection(SolutionConfigurationPlatforms) = preSolution
		Debug|x64 = Debug|x64
		Debug|x86 = Debug|x86
		Release|x64 = Release|x64
		Release|x86 = Release|x86
	EndGlobalSection
	GlobalSection(ProjectConfigurationPlatforms) = postSolution
		{47472E95-9850-464F-9F8B-1942E4066585}.Debug|x64.ActiveCfg = Debug|x64
		{47472E95-9850-464F-9F8B-1942E4066585}.Debug|x64.Build.0 = Debug|x64
		{47472E95-9850-464F-9F8B-1942E4066585}.Debug|x86.ActiveCfg = Debug|Win32
		{47472E95-9850-464F-9F8B-1942E4066585}.Debug|x86.Build.0 = Debug|Win32
		{47472E95-9850-464F-9F8B-1942E4066585}.Release|x64.ActiveCfg = Release|x64
		{47472E95-9850-464F-9F8B-1942E4066585}.Release|x64.Build.0 = Release|x64
		{47472E95-9850-464F-9F8B-1942E4066585}.Release|x86.ActiveCfg = Release|Win32
		{47472E95-9850-464F-9F8B-1942E4066585}.Release|x86.Build.0 = Release|Win32
	EndGlobalSection
	GlobalSection(SolutionProperties) = preSolution
		HideSolutionNode = FALSE
	EndGlobalSection
	GlobalSection(ExtensibilityGlobals) = postSolution
		SolutionGuid = {5953A992-B93B-4043-B745-0516AF114469}
	EndGlobalSection
EndGlobal
