
Microsoft Visual Studio Solution File, Format Version 12.00
# Visual Studio Version 17
VisualStudioVersion = 17.3.32929.385
MinimumVisualStudioVersion = 10.0.40219.1
Project("{FAE04EC0-301F-11D3-BF4B-00C04F79EFBC}") = "PartialClassesApp", "PartialClassesApp\PartialClassesApp.csproj", "{90EBDE63-86C0-4F55-AF4D-F87A7B6F7F87}"
EndProject
Global
	GlobalSection(SolutionConfigurationPlatforms) = preSolution
		Debug|Any CPU = Debug|Any CPU
		Release|Any CPU = Release|Any CPU
	EndGlobalSection
	GlobalSection(ProjectConfigurationPlatforms) = postSolution
		{90EBDE63-86C0-4F55-AF4D-F87A7B6F7F87}.Debug|Any CPU.ActiveCfg = Debug|Any CPU
		{90EBDE63-86C0-4F55-AF4D-F87A7B6F7F87}.Debug|Any CPU.Build.0 = Debug|Any CPU
		{90EBDE63-86C0-4F55-AF4D-F87A7B6F7F87}.Release|Any CPU.ActiveCfg = Release|Any CPU
		{90EBDE63-86C0-4F55-AF4D-F87A7B6F7F87}.Release|Any CPU.Build.0 = Release|Any CPU
	EndGlobalSection
	GlobalSection(SolutionProperties) = preSolution
		HideSolutionNode = FALSE
	EndGlobalSection
	GlobalSection(ExtensibilityGlobals) = postSolution
		SolutionGuid = {F8DB0FBC-BBC7-4A36-8D09-3BA12161A2F0}
	EndGlobalSection
EndGlobal
