
Microsoft Visual Studio Solution File, Format Version 12.00
# Visual Studio Version 17
VisualStudioVersion = 17.6.33815.320
MinimumVisualStudioVersion = 10.0.40219.1
Project("{FAE04EC0-301F-11D3-BF4B-00C04F79EFBC}") = "GettingStartedApp", "GettingStartedApp\GettingStartedApp.csproj", "{0015D157-EC27-4658-953F-86D88B6E5985}"
EndProject
Global
	GlobalSection(SolutionConfigurationPlatforms) = preSolution
		Debug|Any CPU = Debug|Any CPU
		Release|Any CPU = Release|Any CPU
	EndGlobalSection
	GlobalSection(ProjectConfigurationPlatforms) = postSolution
		{0015D157-EC27-4658-953F-86D88B6E5985}.Debug|Any CPU.ActiveCfg = Debug|Any CPU
		{0015D157-EC27-4658-953F-86D88B6E5985}.Debug|Any CPU.Build.0 = Debug|Any CPU
		{0015D157-EC27-4658-953F-86D88B6E5985}.Release|Any CPU.ActiveCfg = Release|Any CPU
		{0015D157-EC27-4658-953F-86D88B6E5985}.Release|Any CPU.Build.0 = Release|Any CPU
	EndGlobalSection
	GlobalSection(SolutionProperties) = preSolution
		HideSolutionNode = FALSE
	EndGlobalSection
	GlobalSection(ExtensibilityGlobals) = postSolution
		SolutionGuid = {80AED1C9-9EFC-45B3-8BD7-01D8AF6B5827}
	EndGlobalSection
EndGlobal
