
Microsoft Visual Studio Solution File, Format Version 12.00
# Visual Studio Version 17
VisualStudioVersion = 17.5.002.0
MinimumVisualStudioVersion = 10.0.40219.1
Project("{9A19103F-16F7-4668-BE54-9A1E7A4F7556}") = "JwtAuthenticationApp", "JwtAuthenticationApp.csproj", "{79ACDC84-4898-4CF8-92E3-C0D69CBEA06F}"
EndProject
Global
	GlobalSection(SolutionConfigurationPlatforms) = preSolution
		Debug|Any CPU = Debug|Any CPU
		Release|Any CPU = Release|Any CPU
	EndGlobalSection
	GlobalSection(ProjectConfigurationPlatforms) = postSolution
		{79ACDC84-4898-4CF8-92E3-C0D69CBEA06F}.Debug|Any CPU.ActiveCfg = Debug|Any CPU
		{79ACDC84-4898-4CF8-92E3-C0D69CBEA06F}.Debug|Any CPU.Build.0 = Debug|Any CPU
		{79ACDC84-4898-4CF8-92E3-C0D69CBEA06F}.Release|Any CPU.ActiveCfg = Release|Any CPU
		{79ACDC84-4898-4CF8-92E3-C0D69CBEA06F}.Release|Any CPU.Build.0 = Release|Any CPU
	EndGlobalSection
	GlobalSection(SolutionProperties) = preSolution
		HideSolutionNode = FALSE
	EndGlobalSection
	GlobalSection(ExtensibilityGlobals) = postSolution
		SolutionGuid = {7156873D-9939-47E1-8DF9-39378341C346}
	EndGlobalSection
EndGlobal
