
Microsoft Visual Studio Solution File, Format Version 12.00
# Visual Studio Version 17
VisualStudioVersion = 17.3.32929.385
MinimumVisualStudioVersion = 10.0.40219.1
Project("{FAE04EC0-301F-11D3-BF4B-00C04F79EFBC}") = "PolymorphysmApp", "PolymorphysmApp\PolymorphysmApp.csproj", "{DFA07FE4-1A89-430B-BF31-72B047E5BDBF}"
EndProject
Global
	GlobalSection(SolutionConfigurationPlatforms) = preSolution
		Debug|Any CPU = Debug|Any CPU
		Release|Any CPU = Release|Any CPU
	EndGlobalSection
	GlobalSection(ProjectConfigurationPlatforms) = postSolution
		{DFA07FE4-1A89-430B-BF31-72B047E5BDBF}.Debug|Any CPU.ActiveCfg = Debug|Any CPU
		{DFA07FE4-1A89-430B-BF31-72B047E5BDBF}.Debug|Any CPU.Build.0 = Debug|Any CPU
		{DFA07FE4-1A89-430B-BF31-72B047E5BDBF}.Release|Any CPU.ActiveCfg = Release|Any CPU
		{DFA07FE4-1A89-430B-BF31-72B047E5BDBF}.Release|Any CPU.Build.0 = Release|Any CPU
	EndGlobalSection
	GlobalSection(SolutionProperties) = preSolution
		HideSolutionNode = FALSE
	EndGlobalSection
	GlobalSection(ExtensibilityGlobals) = postSolution
		SolutionGuid = {A5530357-2CAF-4AD0-BE78-0E612F684155}
	EndGlobalSection
EndGlobal
