
Microsoft Visual Studio Solution File, Format Version 12.00
# Visual Studio Version 17
VisualStudioVersion = 17.3.32929.385
MinimumVisualStudioVersion = 10.0.40219.1
Project("{FAE04EC0-301F-11D3-BF4B-00C04F79EFBC}") = "ObservableApp", "ObservableApp\ObservableApp.csproj", "{2F930054-18D1-4826-B1A8-BC1E297C2633}"
EndProject
Global
	GlobalSection(SolutionConfigurationPlatforms) = preSolution
		Debug|Any CPU = Debug|Any CPU
		Release|Any CPU = Release|Any CPU
	EndGlobalSection
	GlobalSection(ProjectConfigurationPlatforms) = postSolution
		{2F930054-18D1-4826-B1A8-BC1E297C2633}.Debug|Any CPU.ActiveCfg = Debug|Any CPU
		{2F930054-18D1-4826-B1A8-BC1E297C2633}.Debug|Any CPU.Build.0 = Debug|Any CPU
		{2F930054-18D1-4826-B1A8-BC1E297C2633}.Release|Any CPU.ActiveCfg = Release|Any CPU
		{2F930054-18D1-4826-B1A8-BC1E297C2633}.Release|Any CPU.Build.0 = Release|Any CPU
	EndGlobalSection
	GlobalSection(SolutionProperties) = preSolution
		HideSolutionNode = FALSE
	EndGlobalSection
	GlobalSection(ExtensibilityGlobals) = postSolution
		SolutionGuid = {562417C1-E750-4A8D-B50C-F8A2ACA5C1BE}
	EndGlobalSection
EndGlobal
