
Microsoft Visual Studio Solution File, Format Version 12.00
# Visual Studio Version 17
VisualStudioVersion = 17.1.32319.34
MinimumVisualStudioVersion = 10.0.40219.1
Project("{888888A0-9F3D-457C-B088-3A5042F75D52}") = "FunctionsApplication", "FunctionsApplication\FunctionsApplication.pyproj", "{0445A392-5EE5-46E5-939B-900C27C50636}"
EndProject
Global
	GlobalSection(SolutionConfigurationPlatforms) = preSolution
		Debug|Any CPU = Debug|Any CPU
		Release|Any CPU = Release|Any CPU
	EndGlobalSection
	GlobalSection(ProjectConfigurationPlatforms) = postSolution
		{0445A392-5EE5-46E5-939B-900C27C50636}.Debug|Any CPU.ActiveCfg = Debug|Any CPU
		{0445A392-5EE5-46E5-939B-900C27C50636}.Release|Any CPU.ActiveCfg = Release|Any CPU
	EndGlobalSection
	GlobalSection(SolutionProperties) = preSolution
		HideSolutionNode = FALSE
	EndGlobalSection
	GlobalSection(ExtensibilityGlobals) = postSolution
		SolutionGuid = {AD58858D-095F-4210-8A3E-AECC06737B7F}
	EndGlobalSection
EndGlobal
