
Microsoft Visual Studio Solution File, Format Version 12.00
# Visual Studio Version 17
VisualStudioVersion = 17.3.32929.385
MinimumVisualStudioVersion = 10.0.40219.1
Project("{FAE04EC0-301F-11D3-BF4B-00C04F79EFBC}") = "DateTimeApp", "DateTimeApp\DateTimeApp.csproj", "{6EF529E3-77D7-4442-988B-A58DA7CF9938}"
EndProject
Global
	GlobalSection(SolutionConfigurationPlatforms) = preSolution
		Debug|Any CPU = Debug|Any CPU
		Release|Any CPU = Release|Any CPU
	EndGlobalSection
	GlobalSection(ProjectConfigurationPlatforms) = postSolution
		{6EF529E3-77D7-4442-988B-A58DA7CF9938}.Debug|Any CPU.ActiveCfg = Debug|Any CPU
		{6EF529E3-77D7-4442-988B-A58DA7CF9938}.Debug|Any CPU.Build.0 = Debug|Any CPU
		{6EF529E3-77D7-4442-988B-A58DA7CF9938}.Release|Any CPU.ActiveCfg = Release|Any CPU
		{6EF529E3-77D7-4442-988B-A58DA7CF9938}.Release|Any CPU.Build.0 = Release|Any CPU
	EndGlobalSection
	GlobalSection(SolutionProperties) = preSolution
		HideSolutionNode = FALSE
	EndGlobalSection
	GlobalSection(ExtensibilityGlobals) = postSolution
		SolutionGuid = {8E255012-0F9E-4A4C-94EB-CA2A86618276}
	EndGlobalSection
EndGlobal
