
Microsoft Visual Studio Solution File, Format Version 12.00
# Visual Studio Version 17
VisualStudioVersion = 17.3.32929.385
MinimumVisualStudioVersion = 10.0.40219.1
Project("{FAE04EC0-301F-11D3-BF4B-00C04F79EFBC}") = "UsersApp", "UsersApp\UsersApp.csproj", "{A5B8BB0E-C61A-42BD-8ED0-4DC4F509C985}"
EndProject
Global
	GlobalSection(SolutionConfigurationPlatforms) = preSolution
		Debug|Any CPU = Debug|Any CPU
		Release|Any CPU = Release|Any CPU
	EndGlobalSection
	GlobalSection(ProjectConfigurationPlatforms) = postSolution
		{A5B8BB0E-C61A-42BD-8ED0-4DC4F509C985}.Debug|Any CPU.ActiveCfg = Debug|Any CPU
		{A5B8BB0E-C61A-42BD-8ED0-4DC4F509C985}.Debug|Any CPU.Build.0 = Debug|Any CPU
		{A5B8BB0E-C61A-42BD-8ED0-4DC4F509C985}.Release|Any CPU.ActiveCfg = Release|Any CPU
		{A5B8BB0E-C61A-42BD-8ED0-4DC4F509C985}.Release|Any CPU.Build.0 = Release|Any CPU
	EndGlobalSection
	GlobalSection(SolutionProperties) = preSolution
		HideSolutionNode = FALSE
	EndGlobalSection
	GlobalSection(ExtensibilityGlobals) = postSolution
		SolutionGuid = {B793A139-5B92-4F7C-A9BF-C8FBBC8A55BB}
	EndGlobalSection
EndGlobal
