
Microsoft Visual Studio Solution File, Format Version 12.00
# Visual Studio Version 17
VisualStudioVersion = 17.3.32929.385
MinimumVisualStudioVersion = 10.0.40219.1
Project("{FAE04EC0-301F-11D3-BF4B-00C04F79EFBC}") = "TemplateFunctionApp", "TemplateFunctionApp\TemplateFunctionApp.csproj", "{F3F5A830-8C36-465F-8D98-8ABFAB8E6B95}"
EndProject
Global
	GlobalSection(SolutionConfigurationPlatforms) = preSolution
		Debug|Any CPU = Debug|Any CPU
		Release|Any CPU = Release|Any CPU
	EndGlobalSection
	GlobalSection(ProjectConfigurationPlatforms) = postSolution
		{F3F5A830-8C36-465F-8D98-8ABFAB8E6B95}.Debug|Any CPU.ActiveCfg = Debug|Any CPU
		{F3F5A830-8C36-465F-8D98-8ABFAB8E6B95}.Debug|Any CPU.Build.0 = Debug|Any CPU
		{F3F5A830-8C36-465F-8D98-8ABFAB8E6B95}.Release|Any CPU.ActiveCfg = Release|Any CPU
		{F3F5A830-8C36-465F-8D98-8ABFAB8E6B95}.Release|Any CPU.Build.0 = Release|Any CPU
	EndGlobalSection
	GlobalSection(SolutionProperties) = preSolution
		HideSolutionNode = FALSE
	EndGlobalSection
	GlobalSection(ExtensibilityGlobals) = postSolution
		SolutionGuid = {04C55727-1C44-480B-8816-29D087EA4D6D}
	EndGlobalSection
EndGlobal
