
Microsoft Visual Studio Solution File, Format Version 12.00
# Visual Studio Version 17
VisualStudioVersion = 17.3.32929.385
MinimumVisualStudioVersion = 10.0.40219.1
Project("{FAE04EC0-301F-11D3-BF4B-00C04F79EFBC}") = "FlyweightApp", "FlyweightApp\FlyweightApp.csproj", "{0401BE06-55D0-4786-ABBD-2822D391855D}"
EndProject
Global
	GlobalSection(SolutionConfigurationPlatforms) = preSolution
		Debug|Any CPU = Debug|Any CPU
		Release|Any CPU = Release|Any CPU
	EndGlobalSection
	GlobalSection(ProjectConfigurationPlatforms) = postSolution
		{0401BE06-55D0-4786-ABBD-2822D391855D}.Debug|Any CPU.ActiveCfg = Debug|Any CPU
		{0401BE06-55D0-4786-ABBD-2822D391855D}.Debug|Any CPU.Build.0 = Debug|Any CPU
		{0401BE06-55D0-4786-ABBD-2822D391855D}.Release|Any CPU.ActiveCfg = Release|Any CPU
		{0401BE06-55D0-4786-ABBD-2822D391855D}.Release|Any CPU.Build.0 = Release|Any CPU
	EndGlobalSection
	GlobalSection(SolutionProperties) = preSolution
		HideSolutionNode = FALSE
	EndGlobalSection
	GlobalSection(ExtensibilityGlobals) = postSolution
		SolutionGuid = {BBC3E2F8-FCF5-4A87-8955-8DDF86C388E6}
	EndGlobalSection
EndGlobal
