
Microsoft Visual Studio Solution File, Format Version 12.00
# Visual Studio Version 17
VisualStudioVersion = 17.6.33815.320
MinimumVisualStudioVersion = 10.0.40219.1
Project("{FAE04EC0-301F-11D3-BF4B-00C04F79EFBC}") = "TasksApp", "TasksApp.csproj", "{2950E60E-3B61-4D16-AD84-552DE449EE3E}"
EndProject
Global
	GlobalSection(SolutionConfigurationPlatforms) = preSolution
		Debug|Any CPU = Debug|Any CPU
		Release|Any CPU = Release|Any CPU
	EndGlobalSection
	GlobalSection(ProjectConfigurationPlatforms) = postSolution
		{2950E60E-3B61-4D16-AD84-552DE449EE3E}.Debug|Any CPU.ActiveCfg = Debug|Any CPU
		{2950E60E-3B61-4D16-AD84-552DE449EE3E}.Debug|Any CPU.Build.0 = Debug|Any CPU
		{2950E60E-3B61-4D16-AD84-552DE449EE3E}.Release|Any CPU.ActiveCfg = Release|Any CPU
		{2950E60E-3B61-4D16-AD84-552DE449EE3E}.Release|Any CPU.Build.0 = Release|Any CPU
	EndGlobalSection
	GlobalSection(SolutionProperties) = preSolution
		HideSolutionNode = FALSE
	EndGlobalSection
	GlobalSection(ExtensibilityGlobals) = postSolution
		SolutionGuid = {601D8685-416D-4D07-BC1E-0D191E1F01D8}
	EndGlobalSection
EndGlobal
