
Microsoft Visual Studio Solution File, Format Version 12.00
# Visual Studio Version 17
VisualStudioVersion = 17.1.32319.34
MinimumVisualStudioVersion = 10.0.40219.1
Project("{888888A0-9F3D-457C-B088-3A5042F75D52}") = "ListApp", "ListApp\ListApp.pyproj", "{D68E9ADE-5AA5-447B-9A98-3356700D561A}"
EndProject
Global
	GlobalSection(SolutionConfigurationPlatforms) = preSolution
		Debug|Any CPU = Debug|Any CPU
		Release|Any CPU = Release|Any CPU
	EndGlobalSection
	GlobalSection(ProjectConfigurationPlatforms) = postSolution
		{D68E9ADE-5AA5-447B-9A98-3356700D561A}.Debug|Any CPU.ActiveCfg = Debug|Any CPU
		{D68E9ADE-5AA5-447B-9A98-3356700D561A}.Release|Any CPU.ActiveCfg = Release|Any CPU
	EndGlobalSection
	GlobalSection(SolutionProperties) = preSolution
		HideSolutionNode = FALSE
	EndGlobalSection
	GlobalSection(ExtensibilityGlobals) = postSolution
		SolutionGuid = {870265DE-7C78-46F6-B044-CD6DB6181081}
	EndGlobalSection
EndGlobal
