
Microsoft Visual Studio Solution File, Format Version 12.00
# Visual Studio Version 17
VisualStudioVersion = 17.3.32929.385
MinimumVisualStudioVersion = 10.0.40219.1
Project("{8BC9CEB8-8B4A-11D0-8D11-00A0C91BC942}") = "StaticApp", "StaticApp.vcxproj", "{290B62D9-7A8F-4C30-B7F0-56995E222446}"
EndProject
Global
	GlobalSection(SolutionConfigurationPlatforms) = preSolution
		Debug|x64 = Debug|x64
		Debug|x86 = Debug|x86
		Release|x64 = Release|x64
		Release|x86 = Release|x86
	EndGlobalSection
	GlobalSection(ProjectConfigurationPlatforms) = postSolution
		{290B62D9-7A8F-4C30-B7F0-56995E222446}.Debug|x64.ActiveCfg = Debug|x64
		{290B62D9-7A8F-4C30-B7F0-56995E222446}.Debug|x64.Build.0 = Debug|x64
		{290B62D9-7A8F-4C30-B7F0-56995E222446}.Debug|x86.ActiveCfg = Debug|Win32
		{290B62D9-7A8F-4C30-B7F0-56995E222446}.Debug|x86.Build.0 = Debug|Win32
		{290B62D9-7A8F-4C30-B7F0-56995E222446}.Release|x64.ActiveCfg = Release|x64
		{290B62D9-7A8F-4C30-B7F0-56995E222446}.Release|x64.Build.0 = Release|x64
		{290B62D9-7A8F-4C30-B7F0-56995E222446}.Release|x86.ActiveCfg = Release|Win32
		{290B62D9-7A8F-4C30-B7F0-56995E222446}.Release|x86.Build.0 = Release|Win32
	EndGlobalSection
	GlobalSection(SolutionProperties) = preSolution
		HideSolutionNode = FALSE
	EndGlobalSection
	GlobalSection(ExtensibilityGlobals) = postSolution
		SolutionGuid = {6117CC38-1F71-4D05-8E18-90EA94FB71D5}
	EndGlobalSection
EndGlobal
