
Microsoft Visual Studio Solution File, Format Version 12.00
# Visual Studio Version 17
VisualStudioVersion = 17.3.32929.385
MinimumVisualStudioVersion = 10.0.40219.1
Project("{8BC9CEB8-8B4A-11D0-8D11-00A0C91BC942}") = "ThisApp", "ThisApp.vcxproj", "{982F8038-A2F7-4BF4-AEEB-5052641FF9A0}"
EndProject
Global
	GlobalSection(SolutionConfigurationPlatforms) = preSolution
		Debug|x64 = Debug|x64
		Debug|x86 = Debug|x86
		Release|x64 = Release|x64
		Release|x86 = Release|x86
	EndGlobalSection
	GlobalSection(ProjectConfigurationPlatforms) = postSolution
		{982F8038-A2F7-4BF4-AEEB-5052641FF9A0}.Debug|x64.ActiveCfg = Debug|x64
		{982F8038-A2F7-4BF4-AEEB-5052641FF9A0}.Debug|x64.Build.0 = Debug|x64
		{982F8038-A2F7-4BF4-AEEB-5052641FF9A0}.Debug|x86.ActiveCfg = Debug|Win32
		{982F8038-A2F7-4BF4-AEEB-5052641FF9A0}.Debug|x86.Build.0 = Debug|Win32
		{982F8038-A2F7-4BF4-AEEB-5052641FF9A0}.Release|x64.ActiveCfg = Release|x64
		{982F8038-A2F7-4BF4-AEEB-5052641FF9A0}.Release|x64.Build.0 = Release|x64
		{982F8038-A2F7-4BF4-AEEB-5052641FF9A0}.Release|x86.ActiveCfg = Release|Win32
		{982F8038-A2F7-4BF4-AEEB-5052641FF9A0}.Release|x86.Build.0 = Release|Win32
	EndGlobalSection
	GlobalSection(SolutionProperties) = preSolution
		HideSolutionNode = FALSE
	EndGlobalSection
	GlobalSection(ExtensibilityGlobals) = postSolution
		SolutionGuid = {EF98D332-BB24-45C4-9994-F731F7BD0750}
	EndGlobalSection
EndGlobal
