
Microsoft Visual Studio Solution File, Format Version 12.00
# Visual Studio Version 17
VisualStudioVersion = 17.3.32929.385
MinimumVisualStudioVersion = 10.0.40219.1
Project("{FAE04EC0-301F-11D3-BF4B-00C04F79EFBC}") = "ConsoleApp", "ConsoleApp\ConsoleApp.csproj", "{4317D211-B1AE-435C-960E-E478CF7C09FB}"
EndProject
Global
	GlobalSection(SolutionConfigurationPlatforms) = preSolution
		Debug|Any CPU = Debug|Any CPU
		Release|Any CPU = Release|Any CPU
	EndGlobalSection
	GlobalSection(ProjectConfigurationPlatforms) = postSolution
		{4317D211-B1AE-435C-960E-E478CF7C09FB}.Debug|Any CPU.ActiveCfg = Debug|Any CPU
		{4317D211-B1AE-435C-960E-E478CF7C09FB}.Debug|Any CPU.Build.0 = Debug|Any CPU
		{4317D211-B1AE-435C-960E-E478CF7C09FB}.Release|Any CPU.ActiveCfg = Release|Any CPU
		{4317D211-B1AE-435C-960E-E478CF7C09FB}.Release|Any CPU.Build.0 = Release|Any CPU
	EndGlobalSection
	GlobalSection(SolutionProperties) = preSolution
		HideSolutionNode = FALSE
	EndGlobalSection
	GlobalSection(ExtensibilityGlobals) = postSolution
		SolutionGuid = {3B92C542-68B6-40AC-84A3-E1B7B5D9E8F6}
	EndGlobalSection
EndGlobal
