
Microsoft Visual Studio Solution File, Format Version 12.00
# Visual Studio Version 17
VisualStudioVersion = 17.3.32929.385
MinimumVisualStudioVersion = 10.0.40219.1
Project("{FAE04EC0-301F-11D3-BF4B-00C04F79EFBC}") = "StylesApp", "StylesApp\StylesApp.csproj", "{A54EC20D-EE4D-44EA-B263-95EC4E11A3F0}"
EndProject
Global
	GlobalSection(SolutionConfigurationPlatforms) = preSolution
		Debug|Any CPU = Debug|Any CPU
		Release|Any CPU = Release|Any CPU
	EndGlobalSection
	GlobalSection(ProjectConfigurationPlatforms) = postSolution
		{A54EC20D-EE4D-44EA-B263-95EC4E11A3F0}.Debug|Any CPU.ActiveCfg = Debug|Any CPU
		{A54EC20D-EE4D-44EA-B263-95EC4E11A3F0}.Debug|Any CPU.Build.0 = Debug|Any CPU
		{A54EC20D-EE4D-44EA-B263-95EC4E11A3F0}.Release|Any CPU.ActiveCfg = Release|Any CPU
		{A54EC20D-EE4D-44EA-B263-95EC4E11A3F0}.Release|Any CPU.Build.0 = Release|Any CPU
	EndGlobalSection
	GlobalSection(SolutionProperties) = preSolution
		HideSolutionNode = FALSE
	EndGlobalSection
	GlobalSection(ExtensibilityGlobals) = postSolution
		SolutionGuid = {CF6A7F9C-9A75-4778-9310-2932BC95055E}
	EndGlobalSection
EndGlobal
