
Microsoft Visual Studio Solution File, Format Version 12.00
# Visual Studio Version 17
VisualStudioVersion = 17.3.32929.385
MinimumVisualStudioVersion = 10.0.40219.1
Project("{FAE04EC0-301F-11D3-BF4B-00C04F79EFBC}") = "RandomApp", "RandomApp\RandomApp.csproj", "{FEB97FED-65D0-4416-80DA-19E41FF35D00}"
EndProject
Global
	GlobalSection(SolutionConfigurationPlatforms) = preSolution
		Debug|Any CPU = Debug|Any CPU
		Release|Any CPU = Release|Any CPU
	EndGlobalSection
	GlobalSection(ProjectConfigurationPlatforms) = postSolution
		{FEB97FED-65D0-4416-80DA-19E41FF35D00}.Debug|Any CPU.ActiveCfg = Debug|Any CPU
		{FEB97FED-65D0-4416-80DA-19E41FF35D00}.Debug|Any CPU.Build.0 = Debug|Any CPU
		{FEB97FED-65D0-4416-80DA-19E41FF35D00}.Release|Any CPU.ActiveCfg = Release|Any CPU
		{FEB97FED-65D0-4416-80DA-19E41FF35D00}.Release|Any CPU.Build.0 = Release|Any CPU
	EndGlobalSection
	GlobalSection(SolutionProperties) = preSolution
		HideSolutionNode = FALSE
	EndGlobalSection
	GlobalSection(ExtensibilityGlobals) = postSolution
		SolutionGuid = {35731357-E9D5-457C-B93E-C8324272C057}
	EndGlobalSection
EndGlobal
