
Microsoft Visual Studio Solution File, Format Version 12.00
# Visual Studio Version 17
VisualStudioVersion = 17.3.32929.385
MinimumVisualStudioVersion = 10.0.40219.1
Project("{FAE04EC0-301F-11D3-BF4B-00C04F79EFBC}") = "CompositeApp", "CompositeApp\CompositeApp.csproj", "{F7448E74-D1E9-4293-B7DD-64D76ADC7DD8}"
EndProject
Global
	GlobalSection(SolutionConfigurationPlatforms) = preSolution
		Debug|Any CPU = Debug|Any CPU
		Release|Any CPU = Release|Any CPU
	EndGlobalSection
	GlobalSection(ProjectConfigurationPlatforms) = postSolution
		{F7448E74-D1E9-4293-B7DD-64D76ADC7DD8}.Debug|Any CPU.ActiveCfg = Debug|Any CPU
		{F7448E74-D1E9-4293-B7DD-64D76ADC7DD8}.Debug|Any CPU.Build.0 = Debug|Any CPU
		{F7448E74-D1E9-4293-B7DD-64D76ADC7DD8}.Release|Any CPU.ActiveCfg = Release|Any CPU
		{F7448E74-D1E9-4293-B7DD-64D76ADC7DD8}.Release|Any CPU.Build.0 = Release|Any CPU
	EndGlobalSection
	GlobalSection(SolutionProperties) = preSolution
		HideSolutionNode = FALSE
	EndGlobalSection
	GlobalSection(ExtensibilityGlobals) = postSolution
		SolutionGuid = {AF60B5A6-99AB-4B6E-AD05-55E4B6AB418D}
	EndGlobalSection
EndGlobal
