
Microsoft Visual Studio Solution File, Format Version 12.00
# Visual Studio Version 17
VisualStudioVersion = 17.6.33815.320
MinimumVisualStudioVersion = 10.0.40219.1
Project("{FAE04EC0-301F-11D3-BF4B-00C04F79EFBC}") = "ParametersApp", "ParametersApp\ParametersApp.csproj", "{13855B97-EFC6-4EE4-AE43-154E39D400F2}"
EndProject
Global
	GlobalSection(SolutionConfigurationPlatforms) = preSolution
		Debug|Any CPU = Debug|Any CPU
		Release|Any CPU = Release|Any CPU
	EndGlobalSection
	GlobalSection(ProjectConfigurationPlatforms) = postSolution
		{13855B97-EFC6-4EE4-AE43-154E39D400F2}.Debug|Any CPU.ActiveCfg = Debug|Any CPU
		{13855B97-EFC6-4EE4-AE43-154E39D400F2}.Debug|Any CPU.Build.0 = Debug|Any CPU
		{13855B97-EFC6-4EE4-AE43-154E39D400F2}.Release|Any CPU.ActiveCfg = Release|Any CPU
		{13855B97-EFC6-4EE4-AE43-154E39D400F2}.Release|Any CPU.Build.0 = Release|Any CPU
	EndGlobalSection
	GlobalSection(SolutionProperties) = preSolution
		HideSolutionNode = FALSE
	EndGlobalSection
	GlobalSection(ExtensibilityGlobals) = postSolution
		SolutionGuid = {9176B5D9-3A18-42EA-990B-F18D9863141C}
	EndGlobalSection
EndGlobal
