
Microsoft Visual Studio Solution File, Format Version 12.00
# Visual Studio Version 17
VisualStudioVersion = 17.1.32319.34
MinimumVisualStudioVersion = 10.0.40219.1
Project("{8BC9CEB8-8B4A-11D0-8D11-00A0C91BC942}") = "IndexingArraysApp", "IndexingArraysApp\IndexingArraysApp.vcxproj", "{6939D675-714A-4E46-8200-7641676F113C}"
EndProject
Global
	GlobalSection(SolutionConfigurationPlatforms) = preSolution
		Debug|x64 = Debug|x64
		Debug|x86 = Debug|x86
		Release|x64 = Release|x64
		Release|x86 = Release|x86
	EndGlobalSection
	GlobalSection(ProjectConfigurationPlatforms) = postSolution
		{6939D675-714A-4E46-8200-7641676F113C}.Debug|x64.ActiveCfg = Debug|x64
		{6939D675-714A-4E46-8200-7641676F113C}.Debug|x64.Build.0 = Debug|x64
		{6939D675-714A-4E46-8200-7641676F113C}.Debug|x86.ActiveCfg = Debug|Win32
		{6939D675-714A-4E46-8200-7641676F113C}.Debug|x86.Build.0 = Debug|Win32
		{6939D675-714A-4E46-8200-7641676F113C}.Release|x64.ActiveCfg = Release|x64
		{6939D675-714A-4E46-8200-7641676F113C}.Release|x64.Build.0 = Release|x64
		{6939D675-714A-4E46-8200-7641676F113C}.Release|x86.ActiveCfg = Release|Win32
		{6939D675-714A-4E46-8200-7641676F113C}.Release|x86.Build.0 = Release|Win32
	EndGlobalSection
	GlobalSection(SolutionProperties) = preSolution
		HideSolutionNode = FALSE
	EndGlobalSection
	GlobalSection(ExtensibilityGlobals) = postSolution
		SolutionGuid = {905C4830-48C0-466F-8C15-4B8A0B91FCC7}
	EndGlobalSection
EndGlobal
