
Microsoft Visual Studio Solution File, Format Version 12.00
# Visual Studio Version 17
VisualStudioVersion = 17.5.002.0
MinimumVisualStudioVersion = 10.0.40219.1
Project("{9A19103F-16F7-4668-BE54-9A1E7A4F7556}") = "WebApi2", "WebApi2.csproj", "{A40B4E64-8803-4A04-AB88-D83F34456055}"
EndProject
Global
	GlobalSection(SolutionConfigurationPlatforms) = preSolution
		Debug|Any CPU = Debug|Any CPU
		Release|Any CPU = Release|Any CPU
	EndGlobalSection
	GlobalSection(ProjectConfigurationPlatforms) = postSolution
		{A40B4E64-8803-4A04-AB88-D83F34456055}.Debug|Any CPU.ActiveCfg = Debug|Any CPU
		{A40B4E64-8803-4A04-AB88-D83F34456055}.Debug|Any CPU.Build.0 = Debug|Any CPU
		{A40B4E64-8803-4A04-AB88-D83F34456055}.Release|Any CPU.ActiveCfg = Release|Any CPU
		{A40B4E64-8803-4A04-AB88-D83F34456055}.Release|Any CPU.Build.0 = Release|Any CPU
	EndGlobalSection
	GlobalSection(SolutionProperties) = preSolution
		HideSolutionNode = FALSE
	EndGlobalSection
	GlobalSection(ExtensibilityGlobals) = postSolution
		SolutionGuid = {F69CAEFD-7977-4800-B1DC-4D5BDD2FE8F5}
	EndGlobalSection
EndGlobal
