
Microsoft Visual Studio Solution File, Format Version 12.00
# Visual Studio Version 17
VisualStudioVersion = 17.6.33815.320
MinimumVisualStudioVersion = 10.0.40219.1
Project("{FAE04EC0-301F-11D3-BF4B-00C04F79EFBC}") = "RelationsApp", "RelationsApp\RelationsApp.csproj", "{0A53E65C-AD23-4C35-B329-AB86F9E0344F}"
EndProject
Global
	GlobalSection(SolutionConfigurationPlatforms) = preSolution
		Debug|Any CPU = Debug|Any CPU
		Release|Any CPU = Release|Any CPU
	EndGlobalSection
	GlobalSection(ProjectConfigurationPlatforms) = postSolution
		{0A53E65C-AD23-4C35-B329-AB86F9E0344F}.Debug|Any CPU.ActiveCfg = Debug|Any CPU
		{0A53E65C-AD23-4C35-B329-AB86F9E0344F}.Debug|Any CPU.Build.0 = Debug|Any CPU
		{0A53E65C-AD23-4C35-B329-AB86F9E0344F}.Release|Any CPU.ActiveCfg = Release|Any CPU
		{0A53E65C-AD23-4C35-B329-AB86F9E0344F}.Release|Any CPU.Build.0 = Release|Any CPU
	EndGlobalSection
	GlobalSection(SolutionProperties) = preSolution
		HideSolutionNode = FALSE
	EndGlobalSection
	GlobalSection(ExtensibilityGlobals) = postSolution
		SolutionGuid = {EBD08221-6292-4C11-A220-1200AA1157C5}
	EndGlobalSection
EndGlobal
