
Microsoft Visual Studio Solution File, Format Version 12.00
# Visual Studio Version 17
VisualStudioVersion = 17.5.002.0
MinimumVisualStudioVersion = 10.0.40219.1
Project("{9A19103F-16F7-4668-BE54-9A1E7A4F7556}") = "Cqrs", "Cqrs.csproj", "{4E83065B-FB5B-4A8E-A6A2-AADC55CCB321}"
EndProject
Global
	GlobalSection(SolutionConfigurationPlatforms) = preSolution
		Debug|Any CPU = Debug|Any CPU
		Release|Any CPU = Release|Any CPU
	EndGlobalSection
	GlobalSection(ProjectConfigurationPlatforms) = postSolution
		{4E83065B-FB5B-4A8E-A6A2-AADC55CCB321}.Debug|Any CPU.ActiveCfg = Debug|Any CPU
		{4E83065B-FB5B-4A8E-A6A2-AADC55CCB321}.Debug|Any CPU.Build.0 = Debug|Any CPU
		{4E83065B-FB5B-4A8E-A6A2-AADC55CCB321}.Release|Any CPU.ActiveCfg = Release|Any CPU
		{4E83065B-FB5B-4A8E-A6A2-AADC55CCB321}.Release|Any CPU.Build.0 = Release|Any CPU
	EndGlobalSection
	GlobalSection(SolutionProperties) = preSolution
		HideSolutionNode = FALSE
	EndGlobalSection
	GlobalSection(ExtensibilityGlobals) = postSolution
		SolutionGuid = {4D57461B-B64A-40D3-B4A8-83BEF52C5EB9}
	EndGlobalSection
EndGlobal
