
Microsoft Visual Studio Solution File, Format Version 12.00
# Visual Studio Version 17
VisualStudioVersion = 17.3.32929.385
MinimumVisualStudioVersion = 10.0.40219.1
Project("{FAE04EC0-301F-11D3-BF4B-00C04F79EFBC}") = "ExtensionsApp", "ExtensionsApp\ExtensionsApp.csproj", "{97C8131E-80DE-4570-A1BF-EE9CA584C298}"
EndProject
Global
	GlobalSection(SolutionConfigurationPlatforms) = preSolution
		Debug|Any CPU = Debug|Any CPU
		Release|Any CPU = Release|Any CPU
	EndGlobalSection
	GlobalSection(ProjectConfigurationPlatforms) = postSolution
		{97C8131E-80DE-4570-A1BF-EE9CA584C298}.Debug|Any CPU.ActiveCfg = Debug|Any CPU
		{97C8131E-80DE-4570-A1BF-EE9CA584C298}.Debug|Any CPU.Build.0 = Debug|Any CPU
		{97C8131E-80DE-4570-A1BF-EE9CA584C298}.Release|Any CPU.ActiveCfg = Release|Any CPU
		{97C8131E-80DE-4570-A1BF-EE9CA584C298}.Release|Any CPU.Build.0 = Release|Any CPU
	EndGlobalSection
	GlobalSection(SolutionProperties) = preSolution
		HideSolutionNode = FALSE
	EndGlobalSection
	GlobalSection(ExtensibilityGlobals) = postSolution
		SolutionGuid = {E3E3A5D0-F387-4B01-9BCE-FAA2A4B2953E}
	EndGlobalSection
EndGlobal
