
Microsoft Visual Studio Solution File, Format Version 12.00
# Visual Studio Version 17
VisualStudioVersion = 17.6.33815.320
MinimumVisualStudioVersion = 10.0.40219.1
Project("{FAE04EC0-301F-11D3-BF4B-00C04F79EFBC}") = "ThreadPoolApp", "ThreadPoolApp.csproj", "{B6C92F65-44F1-4C47-B275-068D4BD793AD}"
EndProject
Global
	GlobalSection(SolutionConfigurationPlatforms) = preSolution
		Debug|Any CPU = Debug|Any CPU
		Release|Any CPU = Release|Any CPU
	EndGlobalSection
	GlobalSection(ProjectConfigurationPlatforms) = postSolution
		{B6C92F65-44F1-4C47-B275-068D4BD793AD}.Debug|Any CPU.ActiveCfg = Debug|Any CPU
		{B6C92F65-44F1-4C47-B275-068D4BD793AD}.Debug|Any CPU.Build.0 = Debug|Any CPU
		{B6C92F65-44F1-4C47-B275-068D4BD793AD}.Release|Any CPU.ActiveCfg = Release|Any CPU
		{B6C92F65-44F1-4C47-B275-068D4BD793AD}.Release|Any CPU.Build.0 = Release|Any CPU
	EndGlobalSection
	GlobalSection(SolutionProperties) = preSolution
		HideSolutionNode = FALSE
	EndGlobalSection
	GlobalSection(ExtensibilityGlobals) = postSolution
		SolutionGuid = {63EC8E98-DBB6-45B1-AD18-EC34B9FA3028}
	EndGlobalSection
EndGlobal
