
Microsoft Visual Studio Solution File, Format Version 12.00
# Visual Studio Version 17
VisualStudioVersion = 17.5.002.0
MinimumVisualStudioVersion = 10.0.40219.1
Project("{9A19103F-16F7-4668-BE54-9A1E7A4F7556}") = "BootstrapApp", "BootstrapApp.csproj", "{950BBA21-102E-48C0-95E6-F622AD642CED}"
EndProject
Global
	GlobalSection(SolutionConfigurationPlatforms) = preSolution
		Debug|Any CPU = Debug|Any CPU
		Release|Any CPU = Release|Any CPU
	EndGlobalSection
	GlobalSection(ProjectConfigurationPlatforms) = postSolution
		{950BBA21-102E-48C0-95E6-F622AD642CED}.Debug|Any CPU.ActiveCfg = Debug|Any CPU
		{950BBA21-102E-48C0-95E6-F622AD642CED}.Debug|Any CPU.Build.0 = Debug|Any CPU
		{950BBA21-102E-48C0-95E6-F622AD642CED}.Release|Any CPU.ActiveCfg = Release|Any CPU
		{950BBA21-102E-48C0-95E6-F622AD642CED}.Release|Any CPU.Build.0 = Release|Any CPU
	EndGlobalSection
	GlobalSection(SolutionProperties) = preSolution
		HideSolutionNode = FALSE
	EndGlobalSection
	GlobalSection(ExtensibilityGlobals) = postSolution
		SolutionGuid = {E729E759-783C-440B-B1F1-805710E980B1}
	EndGlobalSection
EndGlobal
