
Microsoft Visual Studio Solution File, Format Version 12.00
# Visual Studio Version 17
VisualStudioVersion = 17.1.32319.34
MinimumVisualStudioVersion = 10.0.40219.1
Project("{888888A0-9F3D-457C-B088-3A5042F75D52}") = "ConditionsApp", "ConditionsApp\ConditionsApp.pyproj", "{BA99D0DF-4274-4667-9BFB-2FE23FA35B3F}"
EndProject
Global
	GlobalSection(SolutionConfigurationPlatforms) = preSolution
		Debug|Any CPU = Debug|Any CPU
		Release|Any CPU = Release|Any CPU
	EndGlobalSection
	GlobalSection(ProjectConfigurationPlatforms) = postSolution
		{BA99D0DF-4274-4667-9BFB-2FE23FA35B3F}.Debug|Any CPU.ActiveCfg = Debug|Any CPU
		{BA99D0DF-4274-4667-9BFB-2FE23FA35B3F}.Release|Any CPU.ActiveCfg = Release|Any CPU
	EndGlobalSection
	GlobalSection(SolutionProperties) = preSolution
		HideSolutionNode = FALSE
	EndGlobalSection
	GlobalSection(ExtensibilityGlobals) = postSolution
		SolutionGuid = {F224A7EC-5F62-4B0F-95F7-187C23FB2078}
	EndGlobalSection
EndGlobal
