
Microsoft Visual Studio Solution File, Format Version 12.00
# Visual Studio Version 17
VisualStudioVersion = 17.3.32929.385
MinimumVisualStudioVersion = 10.0.40219.1
Project("{FAE04EC0-301F-11D3-BF4B-00C04F79EFBC}") = "MultiformApp", "MultiformApp\MultiformApp.csproj", "{28E6C762-E6AC-4892-91FA-8D572D8FE609}"
EndProject
Global
	GlobalSection(SolutionConfigurationPlatforms) = preSolution
		Debug|Any CPU = Debug|Any CPU
		Release|Any CPU = Release|Any CPU
	EndGlobalSection
	GlobalSection(ProjectConfigurationPlatforms) = postSolution
		{28E6C762-E6AC-4892-91FA-8D572D8FE609}.Debug|Any CPU.ActiveCfg = Debug|Any CPU
		{28E6C762-E6AC-4892-91FA-8D572D8FE609}.Debug|Any CPU.Build.0 = Debug|Any CPU
		{28E6C762-E6AC-4892-91FA-8D572D8FE609}.Release|Any CPU.ActiveCfg = Release|Any CPU
		{28E6C762-E6AC-4892-91FA-8D572D8FE609}.Release|Any CPU.Build.0 = Release|Any CPU
	EndGlobalSection
	GlobalSection(SolutionProperties) = preSolution
		HideSolutionNode = FALSE
	EndGlobalSection
	GlobalSection(ExtensibilityGlobals) = postSolution
		SolutionGuid = {4AC7CC78-91CB-47A7-9913-25AA89C1C579}
	EndGlobalSection
EndGlobal
