
Microsoft Visual Studio Solution File, Format Version 12.00
# Visual Studio Version 17
VisualStudioVersion = 17.3.32929.385
MinimumVisualStudioVersion = 10.0.40219.1
Project("{FAE04EC0-301F-11D3-BF4B-00C04F79EFBC}") = "RefOutInApp", "RefOutInApp\RefOutInApp.csproj", "{BC7079DD-544E-4934-B6EE-CADD83ABBC82}"
EndProject
Global
	GlobalSection(SolutionConfigurationPlatforms) = preSolution
		Debug|Any CPU = Debug|Any CPU
		Release|Any CPU = Release|Any CPU
	EndGlobalSection
	GlobalSection(ProjectConfigurationPlatforms) = postSolution
		{BC7079DD-544E-4934-B6EE-CADD83ABBC82}.Debug|Any CPU.ActiveCfg = Debug|Any CPU
		{BC7079DD-544E-4934-B6EE-CADD83ABBC82}.Debug|Any CPU.Build.0 = Debug|Any CPU
		{BC7079DD-544E-4934-B6EE-CADD83ABBC82}.Release|Any CPU.ActiveCfg = Release|Any CPU
		{BC7079DD-544E-4934-B6EE-CADD83ABBC82}.Release|Any CPU.Build.0 = Release|Any CPU
	EndGlobalSection
	GlobalSection(SolutionProperties) = preSolution
		HideSolutionNode = FALSE
	EndGlobalSection
	GlobalSection(ExtensibilityGlobals) = postSolution
		SolutionGuid = {CEC2B0F5-9281-4333-8992-2CAEDFD4E2A2}
	EndGlobalSection
EndGlobal
