
Microsoft Visual Studio Solution File, Format Version 12.00
# Visual Studio Version 17
VisualStudioVersion = 17.6.33815.320
MinimumVisualStudioVersion = 10.0.40219.1
Project("{FAE04EC0-301F-11D3-BF4B-00C04F79EFBC}") = "TimerApp", "TimerApp.csproj", "{ABCCCA52-0250-43A9-BC9C-9C827DB3486C}"
EndProject
Global
	GlobalSection(SolutionConfigurationPlatforms) = preSolution
		Debug|Any CPU = Debug|Any CPU
		Release|Any CPU = Release|Any CPU
	EndGlobalSection
	GlobalSection(ProjectConfigurationPlatforms) = postSolution
		{ABCCCA52-0250-43A9-BC9C-9C827DB3486C}.Debug|Any CPU.ActiveCfg = Debug|Any CPU
		{ABCCCA52-0250-43A9-BC9C-9C827DB3486C}.Debug|Any CPU.Build.0 = Debug|Any CPU
		{ABCCCA52-0250-43A9-BC9C-9C827DB3486C}.Release|Any CPU.ActiveCfg = Release|Any CPU
		{ABCCCA52-0250-43A9-BC9C-9C827DB3486C}.Release|Any CPU.Build.0 = Release|Any CPU
	EndGlobalSection
	GlobalSection(SolutionProperties) = preSolution
		HideSolutionNode = FALSE
	EndGlobalSection
	GlobalSection(ExtensibilityGlobals) = postSolution
		SolutionGuid = {7D156DC3-9DCA-4131-A68E-4AB8CF61EB0A}
	EndGlobalSection
EndGlobal
